// !$*UTF8*$!
{
	archiveVersion = 1;
	classes = {
	};
	objectVersion = 46;
	objects = {

/* Begin PBXBuildFile section */
		A4A2AA7A1B16AF25007EBFB6 /* AppDelegate.swift in Sources */ = {isa = PBXBuildFile; fileRef = A4A2AA791B16AF25007EBFB6 /* AppDelegate.swift */; };
		A4A2AA7C1B16AF25007EBFB6 /* ViewController.swift in Sources */ = {isa = PBXBuildFile; fileRef = A4A2AA7B1B16AF25007EBFB6 /* ViewController.swift */; };
		A4A2AA7F1B16AF25007EBFB6 /* Main.storyboard in Resources */ = {isa = PBXBuildFile; fileRef = A4A2AA7D1B16AF25007EBFB6 /* Main.storyboard */; };
		A4A2AA811B16AF25007EBFB6 /* Images.xcassets in Resources */ = {isa = PBXBuildFile; fileRef = A4A2AA801B16AF25007EBFB6 /* Images.xcassets */; };
		A4A2AA841B16AF25007EBFB6 /* LaunchScreen.xib in Resources */ = {isa = PBXBuildFile; fileRef = A4A2AA821B16AF25007EBFB6 /* LaunchScreen.xib */; };
		A4A2AA901B16AF25007EBFB6 /* week4_exerciseTests.swift in Sources */ = {isa = PBXBuildFile; fileRef = A4A2AA8F1B16AF25007EBFB6 /* week4_exerciseTests.swift */; };
/* End PBXBuildFile section */

/* Begin PBXContainerItemProxy section */
		A4A2AA8A1B16AF25007EBFB6 /* PBXContainerItemProxy */ = {
			isa = PBXContainerItemProxy;
			containerPortal = A4A2AA6C1B16AF25007EBFB6 /* Project object */;
			proxyType = 1;
			remoteGlobalIDString = A4A2AA731B16AF25007EBFB6;
			remoteInfo = "week4 exercise";
		};
/* End PBXContainerItemProxy section */

/* Begin PBXFileReference section */
		A4A2AA741B16AF25007EBFB6 /* week4 exercise.app */ = {isa = PBXFileReference; explicitFileType = wrapper.application; includeInIndex = 0; path = "week4 exercise.app"; sourceTree = BUILT_PRODUCTS_DIR; };
		A4A2AA781B16AF25007EBFB6 /* Info.plist */ = {isa = PBXFileReference; lastKnownFileType = text.plist.xml; path = Info.plist; sourceTree = "<group>"; };
		A4A2AA791B16AF25007EBFB6 /* AppDelegate.swift */ = {isa = PBXFileReference; lastKnownFileType = sourcecode.swift; path = AppDelegate.swift; sourceTree = "<group>"; };
		A4A2AA7B1B16AF25007EBFB6 /* ViewController.swift */ = {isa = PBXFileReference; lastKnownFileType = sourcecode.swift; path = ViewController.swift; sourceTree = "<group>"; };
		A4A2AA7E1B16AF25007EBFB6 /* Base */ = {isa = PBXFileReference; lastKnownFileType = file.storyboard; name = Base; path = Base.lproj/Main.storyboard; sourceTree = "<group>"; };
		A4A2AA801B16AF25007EBFB6 /* Images.xcassets */ = {isa = PBXFileReference; lastKnownFileType = folder.assetcatalog; path = Images.xcassets; sourceTree = "<group>"; };
		A4A2AA831B16AF25007EBFB6 /* Base */ = {isa = PBXFileReference; lastKnownFileType = file.xib; name = Base; path = Base.lproj/LaunchScreen.xib; sourceTree = "<group>"; };
		A4A2AA891B16AF25007EBFB6 /* week4 exerciseTests.xctest */ = {isa = PBXFileReference; explicitFileType = wrapper.cfbundle; includeInIndex = 0; path = "week4 exerciseTests.xctest"; sourceTree = BUILT_PRODUCTS_DIR; };
		A4A2AA8E1B16AF25007EBFB6 /* Info.plist */ = {isa = PBXFileReference; lastKnownFileType = text.plist.xml; path = Info.plist; sourceTree = "<group>"; };
		A4A2AA8F1B16AF25007EBFB6 /* week4_exerciseTests.swift */ = {isa = PBXFileReference; lastKnownFileType = sourcecode.swift; path = week4_exerciseTests.swift; sourceTree = "<group>"; };
/* End PBXFileReference section */

/* Begin PBXFrameworksBuildPhase section */
		A4A2AA711B16AF25007EBFB6 /* Frameworks */ = {
			isa = PBXFrameworksBuildPhase;
			buildActionMask = 2147483647;
			files = (
			);
			runOnlyForDeploymentPostprocessing = 0;
		};
		A4A2AA861B16AF25007EBFB6 /* Frameworks */ = {
			isa = PBXFrameworksBuildPhase;
			buildActionMask = 2147483647;
			files = (
			);
			runOnlyForDeploymentPostprocessing = 0;
		};
/* End PBXFrameworksBuildPhase section */

/* Begin PBXGroup section */
		A4A2AA6B1B16AF25007EBFB6 = {
			isa = PBXGroup;
			children = (
				A4A2AA761B16AF25007EBFB6 /* week4 exercise */,
				A4A2AA8C1B16AF25007EBFB6 /* week4 exerciseTests */,
				A4A2AA751B16AF25007EBFB6 /* Products */,
			);
			sourceTree = "<group>";
		};
		A4A2AA751B16AF25007EBFB6 /* Products */ = {
			isa = PBXGroup;
			children = (
				A4A2AA741B16AF25007EBFB6 /* week4 exercise.app */,
				A4A2AA891B16AF25007EBFB6 /* week4 exerciseTests.xctest */,
			);
			name = Products;
			sourceTree = "<group>";
		};
		A4A2AA761B16AF25007EBFB6 /* week4 exercise */ = {
			isa = PBXGroup;
			children = (
				A4A2AA791B16AF25007EBFB6 /* AppDelegate.swift */,
				A4A2AA7B1B16AF25007EBFB6 /* ViewController.swift */,
				A4A2AA7D1B16AF25007EBFB6 /* Main.storyboard */,
				A4A2AA801B16AF25007EBFB6 /* Images.xcassets */,
				A4A2AA821B16AF25007EBFB6 /* LaunchScreen.xib */,
				A4A2AA771B16AF25007EBFB6 /* Supporting Files */,
			);
			path = "week4 exercise";
			sourceTree = "<group>";
		};
		A4A2AA771B16AF25007EBFB6 /* Supporting Files */ = {
			isa = PBXGroup;
			children = (
				A4A2AA781B16AF25007EBFB6 /* Info.plist */,
			);
			name = "Supporting Files";
			sourceTree = "<group>";
		};
		A4A2AA8C1B16AF25007EBFB6 /* week4 exerciseTests */ = {
			isa = PBXGroup;
			children = (
				A4A2AA8F1B16AF25007EBFB6 /* week4_exerciseTests.swift */,
				A4A2AA8D1B16AF25007EBFB6 /* Supporting Files */,
			);
			path = "week4 exerciseTests";
			sourceTree = "<group>";
		};
		A4A2AA8D1B16AF25007EBFB6 /* Supporting Files */ = {
			isa = PBXGroup;
			children = (
				A4A2AA8E1B16AF25007EBFB6 /* Info.plist */,
			);
			name = "Supporting Files";
			sourceTree = "<group>";
		};
/* End PBXGroup section */

/* Begin PBXNativeTarget section */
		A4A2AA731B16AF25007EBFB6 /* week4 exercise */ = {
			isa = PBXNativeTarget;
			buildConfigurationList = A4A2AA931B16AF25007EBFB6 /* Build configuration list for PBXNativeTarget "week4 exercise" */;
			buildPhases = (
				A4A2AA701B16AF25007EBFB6 /* Sources */,
				A4A2AA711B16AF25007EBFB6 /* Frameworks */,
				A4A2AA721B16AF25007EBFB6 /* Resources */,
			);
			buildRules = (
			);
			dependencies = (
			);
			name = "week4 exercise";
			productName = "week4 exercise";
			productReference = A4A2AA741B16AF25007EBFB6 /* week4 exercise.app */;
			productType = "com.apple.product-type.application";
		};
		A4A2AA881B16AF25007EBFB6 /* week4 exerciseTests */ = {
			isa = PBXNativeTarget;
			buildConfigurationList = A4A2AA961B16AF25007EBFB6 /* Build configuration list for PBXNativeTarget "week4 exerciseTests" */;
			buildPhases = (
				A4A2AA851B16AF25007EBFB6 /* Sources */,
				A4A2AA861B16AF25007EBFB6 /* Frameworks */,
				A4A2AA871B16AF25007EBFB6 /* Resources */,
			);
			buildRules = (
			);
			dependencies = (
				A4A2AA8B1B16AF25007EBFB6 /* PBXTargetDependency */,
			);
			name = "week4 exerciseTests";
			productName = "week4 exerciseTests";
			productReference = A4A2AA891B16AF25007EBFB6 /* week4 exerciseTests.xctest */;
			productType = "com.apple.product-type.bundle.unit-test";
		};
/* End PBXNativeTarget section */

/* Begin PBXProject section */
		A4A2AA6C1B16AF25007EBFB6 /* Project object */ = {
			isa = PBXProject;
			attributes = {
				LastUpgradeCheck = 0610;
				ORGANIZATIONNAME = "Hsin Yi Huang";
				TargetAttributes = {
					A4A2AA731B16AF25007EBFB6 = {
						CreatedOnToolsVersion = 6.1;
					};
					A4A2AA881B16AF25007EBFB6 = {
						CreatedOnToolsVersion = 6.1;
						TestTargetID = A4A2AA731B16AF25007EBFB6;
					};
				};
			};
			buildConfigurationList = A4A2AA6F1B16AF25007EBFB6 /* Build configuration list for PBXProject "week4 exercise" */;
			compatibilityVersion = "Xcode 3.2";
			developmentRegion = English;
			hasScannedForEncodings = 0;
			knownRegions = (
				en,
				Base,
			);
			mainGroup = A4A2AA6B1B16AF25007EBFB6;
			productRefGroup = A4A2AA751B16AF25007EBFB6 /* Products */;
			projectDirPath = "";
			projectRoot = "";
			targets = (
				A4A2AA731B16AF25007EBFB6 /* week4 exercise */,
				A4A2AA881B16AF25007EBFB6 /* week4 exerciseTests */,
			);
		};
/* End PBXProject section */

/* Begin PBXResourcesBuildPhase section */
		A4A2AA721B16AF25007EBFB6 /* Resources */ = {
			isa = PBXResourcesBuildPhase;
			buildActionMask = 2147483647;
			files = (
				A4A2AA7F1B16AF25007EBFB6 /* Main.storyboard in Resources */,
				A4A2AA841B16AF25007EBFB6 /* LaunchScreen.xib in Resources */,
				A4A2AA811B16AF25007EBFB6 /* Images.xcassets in Resources */,
			);
			runOnlyForDeploymentPostprocessing = 0;
		};
		A4A2AA871B16AF25007EBFB6 /* Resources */ = {
			isa = PBXResourcesBuildPhase;
			buildActionMask = 2147483647;
			files = (
			);
			runOnlyForDeploymentPostprocessing = 0;
		};
/* End PBXResourcesBuildPhase section */

/* Begin PBXSourcesBuildPhase section */
		A4A2AA701B16AF25007EBFB6 /* Sources */ = {
			isa = PBXSourcesBuildPhase;
			buildActionMask = 2147483647;
			files = (
				A4A2AA7C1B16AF25007EBFB6 /* ViewController.swift in Sources */,
				A4A2AA7A1B16AF25007EBFB6 /* AppDelegate.swift in Sources */,
			);
			runOnlyForDeploymentPostprocessing = 0;
		};
		A4A2AA851B16AF25007EBFB6 /* Sources */ = {
			isa = PBXSourcesBuildPhase;
			buildActionMask = 2147483647;
			files = (
				A4A2AA901B16AF25007EBFB6 /* week4_exerciseTests.swift in Sources */,
			);
			runOnlyForDeploymentPostprocessing = 0;
		};
/* End PBXSourcesBuildPhase section */

/* Begin PBXTargetDependency section */
		A4A2AA8B1B16AF25007EBFB6 /* PBXTargetDependency */ = {
			isa = PBXTargetDependency;
			target = A4A2AA731B16AF25007EBFB6 /* week4 exercise */;
			targetProxy = A4A2AA8A1B16AF25007EBFB6 /* PBXContainerItemProxy */;
		};
/* End PBXTargetDependency section */

/* Begin PBXVariantGroup section */
		A4A2AA7D1B16AF25007EBFB6 /* Main.storyboard */ = {
			isa = PBXVariantGroup;
			children = (
				A4A2AA7E1B16AF25007EBFB6 /* Base */,
			);
			name = Main.storyboard;
			sourceTree = "<group>";
		};
		A4A2AA821B16AF25007EBFB6 /* LaunchScreen.xib */ = {
			isa = PBXVariantGroup;
			children = (
				A4A2AA831B16AF25007EBFB6 /* Base */,
			);
			name = LaunchScreen.xib;
			sourceTree = "<group>";
		};
/* End PBXVariantGroup section */

/* Begin XCBuildConfiguration section */
		A4A2AA911B16AF25007EBFB6 /* Debug */ = {
			isa = XCBuildConfiguration;
			buildSettings = {
				ALWAYS_SEARCH_USER_PATHS = NO;
				CLANG_CXX_LANGUAGE_STANDARD = "gnu++0x";
				CLANG_CXX_LIBRARY = "libc++";
				CLANG_ENABLE_MODULES = YES;
				CLANG_ENABLE_OBJC_ARC = YES;
				CLANG_WARN_BOOL_CONVERSION = YES;
				CLANG_WARN_CONSTANT_CONVERSION = YES;
				CLANG_WARN_DIRECT_OBJC_ISA_USAGE = YES_ERROR;
				CLANG_WARN_EMPTY_BODY = YES;
				CLANG_WARN_ENUM_CONVERSION = YES;
				CLANG_WARN_INT_CONVERSION = YES;
				CLANG_WARN_OBJC_ROOT_CLASS = YES_ERROR;
				CLANG_WARN_UNREACHABLE_CODE = YES;
				CLANG_WARN__DUPLICATE_METHOD_MATCH = YES;
				"CODE_SIGN_IDENTITY[sdk=iphoneos*]" = "iPhone Developer";
				COPY_PHASE_STRIP = NO;
				ENABLE_STRICT_OBJC_MSGSEND = YES;
				GCC_C_LANGUAGE_STANDARD = gnu99;
				GCC_DYNAMIC_NO_PIC = NO;
				GCC_OPTIMIZATION_LEVEL = 0;
				GCC_PREPROCESSOR_DEFINITIONS = (
					"DEBUG=1",
					"$(inherited)",
				);
				GCC_SYMBOLS_PRIVATE_EXTERN = NO;
				GCC_WARN_64_TO_32_BIT_CONVERSION = YES;
				GCC_WARN_ABOUT_RETURN_TYPE = YES_ERROR;
				GCC_WARN_UNDECLARED_SELECTOR = YES;
				GCC_WARN_UNINITIALIZED_AUTOS = YES_AGGRESSIVE;
				GCC_WARN_UNUSED_FUNCTION = YES;
				GCC_WARN_UNUSED_VARIABLE = YES;
				IPHONEOS_DEPLOYMENT_TARGET = 8.1;
				MTL_ENABLE_DEBUG_INFO = YES;
				ONLY_ACTIVE_ARCH = YES;
				SDKROOT = iphoneos;
				SWIFT_OPTIMIZATION_LEVEL = "-Onone";
			};
			name = Debug;
		};
		A4A2AA921B16AF25007EBFB6 /* Release */ = {
			isa = XCBuildConfiguration;
			buildSettings = {
				ALWAYS_SEARCH_USER_PATHS = NO;
				CLANG_CXX_LANGUAGE_STANDARD = "gnu++0x";
				CLANG_CXX_LIBRARY = "libc++";
				CLANG_ENABLE_MODULES = YES;
				CLANG_ENABLE_OBJC_ARC = YES;
				CLANG_WARN_BOOL_CONVERSION = YES;
				CLANG_WARN_CONSTANT_CONVERSION = YES;
				CLANG_WARN_DIRECT_OBJC_ISA_USAGE = YES_ERROR;
				CLANG_WARN_EMPTY_BODY = YES;
				CLANG_WARN_ENUM_CONVERSION = YES;
				CLANG_WARN_INT_CONVERSION = YES;
				CLANG_WARN_OBJC_ROOT_CLASS = YES_ERROR;
				CLANG_WARN_UNREACHABLE_CODE = YES;
				CLANG_WARN__DUPLICATE_METHOD_MATCH = YES;
				"CODE_SIGN_IDENTITY[sdk=iphoneos*]" = "iPhone Developer";
				COPY_PHASE_STRIP = YES;
				ENABLE_NS_ASSERTIONS = NO;
				ENABLE_STRICT_OBJC_MSGSEND = YES;
				GCC_C_LANGUAGE_STANDARD = gnu99;
				GCC_WARN_64_TO_32_BIT_CONVERSION = YES;
				GCC_WARN_ABOUT_RETURN_TYPE = YES_ERROR;
				GCC_WARN_UNDECLARED_SELECTOR = YES;
				GCC_WARN_UNINITIALIZED_AUTOS = YES_AGGRESSIVE;
				GCC_WARN_UNUSED_FUNCTION = YES;
				GCC_WARN_UNUSED_VARIABLE = YES;
				IPHONEOS_DEPLOYMENT_TARGET = 8.1;
				MTL_ENABLE_DEBUG_INFO = NO;
				SDKROOT = iphoneos;
				VALIDATE_PRODUCT = YES;
			};
			name = Release;
		};
		A4A2AA941B16AF25007EBFB6 /* Debug */ = {
			isa = XCBuildConfiguration;
			buildSettings = {
				ASSETCATALOG_COMPILER_APPICON_NAME = AppIcon;
				INFOPLIST_FILE = "week4 exercise/Info.plist";
				LD_RUNPATH_SEARCH_PATHS = "$(inherited) @executable_path/Frameworks";
				PRODUCT_NAME = "$(TARGET_NAME)";
			};
			name = Debug;
		};
		A4A2AA951B16AF25007EBFB6 /* Release */ = {
			isa = XCBuildConfiguration;
			buildSettings = {
				ASSETCATALOG_COMPILER_APPICON_NAME = AppIcon;
				INFOPLIST_FILE = "week4 exercise/Info.plist";
				LD_RUNPATH_SEARCH_PATHS = "$(inherited) @executable_path/Frameworks";
				PRODUCT_NAME = "$(TARGET_NAME)";
			};
			name = Release;
		};
		A4A2AA971B16AF25007EBFB6 /* Debug */ = {
			isa = XCBuildConfiguration;
			buildSettings = {
				BUNDLE_LOADER = "$(TEST_HOST)";
				FRAMEWORK_SEARCH_PATHS = (
					"$(SDKROOT)/Developer/Library/Frameworks",
					"$(inherited)",
				);
				GCC_PREPROCESSOR_DEFINITIONS = (
					"DEBUG=1",
					"$(inherited)",
				);
				INFOPLIST_FILE = "week4 exerciseTests/Info.plist";
				LD_RUNPATH_SEARCH_PATHS = "$(inherited) @executable_path/Frameworks @loader_path/Frameworks";
				PRODUCT_NAME = "$(TARGET_NAME)";
				TEST_HOST = "$(BUILT_PRODUCTS_DIR)/week4 exercise.app/week4 exercise";
			};
			name = Debug;
		};
		A4A2AA981B16AF25007EBFB6 /* Release */ = {
			isa = XCBuildConfiguration;
			buildSettings = {
				BUNDLE_LOADER = "$(TEST_HOST)";
				FRAMEWORK_SEARCH_PATHS = (
					"$(SDKROOT)/Developer/Library/Frameworks",
					"$(inherited)",
				);
				INFOPLIST_FILE = "week4 exerciseTests/Info.plist";
				LD_RUNPATH_SEARCH_PATHS = "$(inherited) @executable_path/Frameworks @loader_path/Frameworks";
				PRODUCT_NAME = "$(TARGET_NAME)";
				TEST_HOST = "$(BUILT_PRODUCTS_DIR)/week4 exercise.app/week4 exercise";
			};
			name = Release;
		};
/* End XCBuildConfiguration section */

/* Begin XCConfigurationList section */
		A4A2AA6F1B16AF25007EBFB6 /* Build configuration list for PBXProject "week4 exercise" */ = {
			isa = XCConfigurationList;
			buildConfigurations = (
				A4A2AA911B16AF25007EBFB6 /* Debug */,
				A4A2AA921B16AF25007EBFB6 /* Release */,
			);
			defaultConfigurationIsVisible = 0;
			defaultConfigurationName = Release;
		};
		A4A2AA931B16AF25007EBFB6 /* Build configuration list for PBXNativeTarget "week4 exercise" */ = {
			isa = XCConfigurationList;
			buildConfigurations = (
				A4A2AA941B16AF25007EBFB6 /* Debug */,
				A4A2AA951B16AF25007EBFB6 /* Release */,
			);
			defaultConfigurationIsVisible = 0;
		};
		A4A2AA961B16AF25007EBFB6 /* Build configuration list for PBXNativeTarget "week4 exerciseTests" */ = {
			isa = XCConfigurationList;
			buildConfigurations = (
				A4A2AA971B16AF25007EBFB6 /* Debug */,
				A4A2AA981B16AF25007EBFB6 /* Release */,
			);
			defaultConfigurationIsVisible = 0;
		};
/* End XCConfigurationList section */
	};
	rootObject = A4A2AA6C1B16AF25007EBFB6 /* Project object */;
}
